
Microsoft Visual Studio Solution File, Format Version 12.00
# Visual Studio Version 17
VisualStudioVersion = 17.11.35327.3
MinimumVisualStudioVersion = 10.0.40219.1
Project("{9A19103F-16F7-4668-BE54-9A1E7A4F7556}") = "Tech_BussinessObjects", "Tech_BussinessObjects\Tech_BussinessObjects.csproj", "{AF1997DE-4680-4BEC-99BC-7627A725D7AA}"
EndProject
Project("{9A19103F-16F7-4668-BE54-9A1E7A4F7556}") = "Tech_Daos", "Tech_Daos\Tech_Daos.csproj", "{967336CE-3F04-4B72-AA88-14E030A2A44D}"
EndProject
Project("{9A19103F-16F7-4668-BE54-9A1E7A4F7556}") = "Tech_Repositories", "Tech_Repositories\Tech_Repositories.csproj", "{6F4C08F1-6404-4FBC-B656-C72AAFC2DCBB}"
EndProject
Project("{9A19103F-16F7-4668-BE54-9A1E7A4F7556}") = "Tech_Services", "Tech_Services\Tech_Services.csproj", "{A7AA3B0C-D097-4C32-B758-3E1BFA2E1CDC}"
EndProject
Project("{9A19103F-16F7-4668-BE54-9A1E7A4F7556}") = "Tech_Store_WebApp", "Tech_Store_WebApp\Tech_Store_WebApp.csproj", "{10D367D9-3DA3-4E50-9CF8-AF0D7F5908FA}"
EndProject
Global
	GlobalSection(SolutionConfigurationPlatforms) = preSolution
		Debug|Any CPU = Debug|Any CPU
		Release|Any CPU = Release|Any CPU
	EndGlobalSection
	GlobalSection(ProjectConfigurationPlatforms) = postSolution
		{AF1997DE-4680-4BEC-99BC-7627A725D7AA}.Debug|Any CPU.ActiveCfg = Debug|Any CPU
		{AF1997DE-4680-4BEC-99BC-7627A725D7AA}.Debug|Any CPU.Build.0 = Debug|Any CPU
		{AF1997DE-4680-4BEC-99BC-7627A725D7AA}.Release|Any CPU.ActiveCfg = Release|Any CPU
		{AF1997DE-4680-4BEC-99BC-7627A725D7AA}.Release|Any CPU.Build.0 = Release|Any CPU
		{967336CE-3F04-4B72-AA88-14E030A2A44D}.Debug|Any CPU.ActiveCfg = Debug|Any CPU
		{967336CE-3F04-4B72-AA88-14E030A2A44D}.Debug|Any CPU.Build.0 = Debug|Any CPU
		{967336CE-3F04-4B72-AA88-14E030A2A44D}.Release|Any CPU.ActiveCfg = Release|Any CPU
		{967336CE-3F04-4B72-AA88-14E030A2A44D}.Release|Any CPU.Build.0 = Release|Any CPU
		{6F4C08F1-6404-4FBC-B656-C72AAFC2DCBB}.Debug|Any CPU.ActiveCfg = Debug|Any CPU
		{6F4C08F1-6404-4FBC-B656-C72AAFC2DCBB}.Debug|Any CPU.Build.0 = Debug|Any CPU
		{6F4C08F1-6404-4FBC-B656-C72AAFC2DCBB}.Release|Any CPU.ActiveCfg = Release|Any CPU
		{6F4C08F1-6404-4FBC-B656-C72AAFC2DCBB}.Release|Any CPU.Build.0 = Release|Any CPU
		{A7AA3B0C-D097-4C32-B758-3E1BFA2E1CDC}.Debug|Any CPU.ActiveCfg = Debug|Any CPU
		{A7AA3B0C-D097-4C32-B758-3E1BFA2E1CDC}.Debug|Any CPU.Build.0 = Debug|Any CPU
		{A7AA3B0C-D097-4C32-B758-3E1BFA2E1CDC}.Release|Any CPU.ActiveCfg = Release|Any CPU
		{A7AA3B0C-D097-4C32-B758-3E1BFA2E1CDC}.Release|Any CPU.Build.0 = Release|Any CPU
		{10D367D9-3DA3-4E50-9CF8-AF0D7F5908FA}.Debug|Any CPU.ActiveCfg = Debug|Any CPU
		{10D367D9-3DA3-4E50-9CF8-AF0D7F5908FA}.Debug|Any CPU.Build.0 = Debug|Any CPU
		{10D367D9-3DA3-4E50-9CF8-AF0D7F5908FA}.Release|Any CPU.ActiveCfg = Release|Any CPU
		{10D367D9-3DA3-4E50-9CF8-AF0D7F5908FA}.Release|Any CPU.Build.0 = Release|Any CPU
	EndGlobalSection
	GlobalSection(SolutionProperties) = preSolution
		HideSolutionNode = FALSE
	EndGlobalSection
	GlobalSection(ExtensibilityGlobals) = postSolution
		SolutionGuid = {1C834BCD-E03E-4EE9-88B1-980D9026BFD6}
	EndGlobalSection
EndGlobal
